{
	"name": "poker-tools",
	"lockfileVersion": 2,
	"requires": true,
	"packages": {
		"": {
			"devDependencies": {
				"@types/node": "^18.11.18",
				"typescript": "^4.9.4"
			}
		},
		"node_modules/.pnpm/@types+node@18.11.18/node_modules/@types/node": {
			"version": "18.11.18",
			"dev": true,
			"license": "MIT"
		},
		"node_modules/.pnpm/typescript@4.9.4": {
			"extraneous": true
		},
		"node_modules/@types/node": {
			"resolved": "node_modules/.pnpm/@types+node@18.11.18/node_modules/@types/node",
			"link": true
		},
		"node_modules/typescript": {
			"version": "4.9.4",
			"resolved": "https://registry.npmjs.org/typescript/-/typescript-4.9.4.tgz",
			"integrity": "sha512-Uz+dTXYzxXXbsFpM86Wh3dKCxrQqUcVMxwU54orwlJjOpO3ao8L7j5lH+dWfTwgCwIuM9GQ2kvVotzYJMXTBZg==",
			"dev": true,
			"bin": {
				"tsc": "bin/tsc",
				"tsserver": "bin/tsserver"
			},
			"engines": {
				"node": ">=4.2.0"
			}
		}
	},
	"dependencies": {
		"@types/node": {
			"version": "file:node_modules/.pnpm/@types+node@18.11.18/node_modules/@types/node"
		},
		"typescript": {
			"version": "4.9.4",
			"resolved": "https://registry.npmjs.org/typescript/-/typescript-4.9.4.tgz",
			"integrity": "sha512-Uz+dTXYzxXXbsFpM86Wh3dKCxrQqUcVMxwU54orwlJjOpO3ao8L7j5lH+dWfTwgCwIuM9GQ2kvVotzYJMXTBZg==",
			"dev": true
		}
	}
}
